
Microsoft Visual Studio Solution File, Format Version 12.00
# Visual Studio Version 17
VisualStudioVersion = 17.8.34330.188
MinimumVisualStudioVersion = 10.0.40219.1
Project("{FAE04EC0-301F-11D3-BF4B-00C04F79EFBC}") = "WpfApp1", "WpfApp1\WpfApp1.csproj", "{B485192B-8CD0-47B8-9BA3-DB329563E323}"
EndProject
Global
	GlobalSection(SolutionConfigurationPlatforms) = preSolution
		Debug|Any CPU = Debug|Any CPU
		Release|Any CPU = Release|Any CPU
	EndGlobalSection
	GlobalSection(ProjectConfigurationPlatforms) = postSolution
		{B485192B-8CD0-47B8-9BA3-DB329563E323}.Debug|Any CPU.ActiveCfg = Debug|Any CPU
		{B485192B-8CD0-47B8-9BA3-DB329563E323}.Debug|Any CPU.Build.0 = Debug|Any CPU
		{B485192B-8CD0-47B8-9BA3-DB329563E323}.Release|Any CPU.ActiveCfg = Release|Any CPU
		{B485192B-8CD0-47B8-9BA3-DB329563E323}.Release|Any CPU.Build.0 = Release|Any CPU
	EndGlobalSection
	GlobalSection(SolutionProperties) = preSolution
		HideSolutionNode = FALSE
	EndGlobalSection
	GlobalSection(ExtensibilityGlobals) = postSolution
		SolutionGuid = {5CD2B78D-627E-4BE6-A8D6-EB5CDBA0E4EC}
	EndGlobalSection
EndGlobal
